
Microsoft Visual Studio Solution File, Format Version 12.00
# Visual Studio 2012
Project("{8BC9CEB8-8B4A-11D0-8D11-00A0C91BC942}") = "laba3.1", "laba3.1\laba3.1.vcxproj", "{05D0B0C2-E9C7-4597-94ED-718198AF4E67}"
EndProject
Global
	GlobalSection(SolutionConfigurationPlatforms) = preSolution
		Debug|Win32 = Debug|Win32
		Release|Win32 = Release|Win32
	EndGlobalSection
	GlobalSection(ProjectConfigurationPlatforms) = postSolution
		{05D0B0C2-E9C7-4597-94ED-718198AF4E67}.Debug|Win32.ActiveCfg = Debug|Win32
		{05D0B0C2-E9C7-4597-94ED-718198AF4E67}.Debug|Win32.Build.0 = Debug|Win32
		{05D0B0C2-E9C7-4597-94ED-718198AF4E67}.Release|Win32.ActiveCfg = Release|Win32
		{05D0B0C2-E9C7-4597-94ED-718198AF4E67}.Release|Win32.Build.0 = Release|Win32
	EndGlobalSection
	GlobalSection(SolutionProperties) = preSolution
		HideSolutionNode = FALSE
	EndGlobalSection
EndGlobal
