
Microsoft Visual Studio Solution File, Format Version 12.00
# Visual Studio 2012
Project("{8BC9CEB8-8B4A-11D0-8D11-00A0C91BC942}") = "PokraskaSten", "PokraskaSten\PokraskaSten.vcxproj", "{4D4F4EA5-E167-483B-8BE0-1231DC9DA51F}"
EndProject
Global
	GlobalSection(SolutionConfigurationPlatforms) = preSolution
		Debug|Win32 = Debug|Win32
		Release|Win32 = Release|Win32
	EndGlobalSection
	GlobalSection(ProjectConfigurationPlatforms) = postSolution
		{4D4F4EA5-E167-483B-8BE0-1231DC9DA51F}.Debug|Win32.ActiveCfg = Debug|Win32
		{4D4F4EA5-E167-483B-8BE0-1231DC9DA51F}.Debug|Win32.Build.0 = Debug|Win32
		{4D4F4EA5-E167-483B-8BE0-1231DC9DA51F}.Release|Win32.ActiveCfg = Release|Win32
		{4D4F4EA5-E167-483B-8BE0-1231DC9DA51F}.Release|Win32.Build.0 = Release|Win32
	EndGlobalSection
	GlobalSection(SolutionProperties) = preSolution
		HideSolutionNode = FALSE
	EndGlobalSection
EndGlobal
