
Microsoft Visual Studio Solution File, Format Version 12.00
# Visual Studio 2012
Project("{8BC9CEB8-8B4A-11D0-8D11-00A0C91BC942}") = "числа", "числа\числа.vcxproj", "{24890C83-E004-453A-BA25-85BF81362FFC}"
EndProject
Global
	GlobalSection(SolutionConfigurationPlatforms) = preSolution
		Debug|Win32 = Debug|Win32
		Release|Win32 = Release|Win32
	EndGlobalSection
	GlobalSection(ProjectConfigurationPlatforms) = postSolution
		{24890C83-E004-453A-BA25-85BF81362FFC}.Debug|Win32.ActiveCfg = Debug|Win32
		{24890C83-E004-453A-BA25-85BF81362FFC}.Debug|Win32.Build.0 = Debug|Win32
		{24890C83-E004-453A-BA25-85BF81362FFC}.Release|Win32.ActiveCfg = Release|Win32
		{24890C83-E004-453A-BA25-85BF81362FFC}.Release|Win32.Build.0 = Release|Win32
	EndGlobalSection
	GlobalSection(SolutionProperties) = preSolution
		HideSolutionNode = FALSE
	EndGlobalSection
EndGlobal
