
Microsoft Visual Studio Solution File, Format Version 12.00
# Visual Studio 2012
Project("{8BC9CEB8-8B4A-11D0-8D11-00A0C91BC942}") = "OprStr", "OprStr\OprStr.vcxproj", "{5D3DC3D1-ECCB-4360-A8FB-D5EE34C18F2C}"
EndProject
Global
	GlobalSection(SolutionConfigurationPlatforms) = preSolution
		Debug|Win32 = Debug|Win32
		Release|Win32 = Release|Win32
	EndGlobalSection
	GlobalSection(ProjectConfigurationPlatforms) = postSolution
		{5D3DC3D1-ECCB-4360-A8FB-D5EE34C18F2C}.Debug|Win32.ActiveCfg = Debug|Win32
		{5D3DC3D1-ECCB-4360-A8FB-D5EE34C18F2C}.Debug|Win32.Build.0 = Debug|Win32
		{5D3DC3D1-ECCB-4360-A8FB-D5EE34C18F2C}.Release|Win32.ActiveCfg = Release|Win32
		{5D3DC3D1-ECCB-4360-A8FB-D5EE34C18F2C}.Release|Win32.Build.0 = Release|Win32
	EndGlobalSection
	GlobalSection(SolutionProperties) = preSolution
		HideSolutionNode = FALSE
	EndGlobalSection
EndGlobal
